// !$*UTF8*$!
{
	archiveVersion = 1;
	classes = {
	};
	objectVersion = 54;
	objects = {

/* Begin PBXBuildFile section */
		39A0405680E7A98348528461 /* Pods_Dicee_iOS13.framework in Frameworks */ = {isa = PBXBuildFile; fileRef = 2353110501E65966187933EE /* Pods_Dicee_iOS13.framework */; };
		ADAD913C22B0FDAE007B460A /* README.md in Resources */ = {isa = PBXBuildFile; fileRef = ADAD913B22B0FDAE007B460A /* README.md */; };
		ADB0DFFD22AFA6090030352D /* AppDelegate.swift in Sources */ = {isa = PBXBuildFile; fileRef = ADB0DFFC22AFA6090030352D /* AppDelegate.swift */; };
		ADB0E00122AFA6090030352D /* ViewController.swift in Sources */ = {isa = PBXBuildFile; fileRef = ADB0E00022AFA6090030352D /* ViewController.swift */; };
		ADB0E00622AFA60E0030352D /* Assets.xcassets in Resources */ = {isa = PBXBuildFile; fileRef = ADB0E00522AFA60E0030352D /* Assets.xcassets */; };
		ADB0E00922AFA60E0030352D /* LaunchScreen.storyboard in Resources */ = {isa = PBXBuildFile; fileRef = ADB0E00722AFA60E0030352D /* LaunchScreen.storyboard */; };
		ADE1FB1422B39F0200DD2BD6 /* SceneDelegate.swift in Sources */ = {isa = PBXBuildFile; fileRef = ADE1FB1322B39F0200DD2BD6 /* SceneDelegate.swift */; };
		DB1A619A2AA4C32E00181B7A /* Main.storyboard in Resources */ = {isa = PBXBuildFile; fileRef = DB1A61982AA4C32E00181B7A /* Main.storyboard */; };
		DBB1CD532AC204270036DD2A /* pepe.gif in Resources */ = {isa = PBXBuildFile; fileRef = DBB1CD522AC204270036DD2A /* pepe.gif */; };
		DBEB01302AA8FCB70076CF98 /* PopUpWindow.swift in Sources */ = {isa = PBXBuildFile; fileRef = DBEB012F2AA8FCB70076CF98 /* PopUpWindow.swift */; };
/* End PBXBuildFile section */

/* Begin PBXFileReference section */
		2353110501E65966187933EE /* Pods_Dicee_iOS13.framework */ = {isa = PBXFileReference; explicitFileType = wrapper.framework; includeInIndex = 0; path = Pods_Dicee_iOS13.framework; sourceTree = BUILT_PRODUCTS_DIR; };
		AAF0A4869C51830CE4F3835B /* Pods-Dicee-iOS13.release.xcconfig */ = {isa = PBXFileReference; includeInIndex = 1; lastKnownFileType = text.xcconfig; name = "Pods-Dicee-iOS13.release.xcconfig"; path = "Target Support Files/Pods-Dicee-iOS13/Pods-Dicee-iOS13.release.xcconfig"; sourceTree = "<group>"; };
		ADAD913B22B0FDAE007B460A /* README.md */ = {isa = PBXFileReference; fileEncoding = 4; lastKnownFileType = net.daringfireball.markdown; path = README.md; sourceTree = "<group>"; };
		ADB0DFF922AFA6090030352D /* Dicee-iOS13.app */ = {isa = PBXFileReference; explicitFileType = wrapper.application; includeInIndex = 0; path = "Dicee-iOS13.app"; sourceTree = BUILT_PRODUCTS_DIR; };
		ADB0DFFC22AFA6090030352D /* AppDelegate.swift */ = {isa = PBXFileReference; lastKnownFileType = sourcecode.swift; path = AppDelegate.swift; sourceTree = "<group>"; };
		ADB0E00022AFA6090030352D /* ViewController.swift */ = {isa = PBXFileReference; lastKnownFileType = sourcecode.swift; path = ViewController.swift; sourceTree = "<group>"; };
		ADB0E00522AFA60E0030352D /* Assets.xcassets */ = {isa = PBXFileReference; lastKnownFileType = folder.assetcatalog; path = Assets.xcassets; sourceTree = "<group>"; };
		ADB0E00822AFA60E0030352D /* Base */ = {isa = PBXFileReference; lastKnownFileType = file.storyboard; name = Base; path = Base.lproj/LaunchScreen.storyboard; sourceTree = "<group>"; };
		ADB0E00A22AFA60E0030352D /* Info.plist */ = {isa = PBXFileReference; lastKnownFileType = text.plist.xml; path = Info.plist; sourceTree = "<group>"; };
		ADE1FB1322B39F0200DD2BD6 /* SceneDelegate.swift */ = {isa = PBXFileReference; fileEncoding = 4; lastKnownFileType = sourcecode.swift; path = SceneDelegate.swift; sourceTree = "<group>"; };
		DB1A61992AA4C32E00181B7A /* Base */ = {isa = PBXFileReference; lastKnownFileType = file.storyboard; name = Base; path = Base.lproj/Main.storyboard; sourceTree = "<group>"; };
		DBB1CD522AC204270036DD2A /* pepe.gif */ = {isa = PBXFileReference; lastKnownFileType = image.gif; path = pepe.gif; sourceTree = "<group>"; };
		DBEB012F2AA8FCB70076CF98 /* PopUpWindow.swift */ = {isa = PBXFileReference; lastKnownFileType = sourcecode.swift; path = PopUpWindow.swift; sourceTree = "<group>"; };
		F6885261F353106257F009B7 /* Pods-Dicee-iOS13.debug.xcconfig */ = {isa = PBXFileReference; includeInIndex = 1; lastKnownFileType = text.xcconfig; name = "Pods-Dicee-iOS13.debug.xcconfig"; path = "Target Support Files/Pods-Dicee-iOS13/Pods-Dicee-iOS13.debug.xcconfig"; sourceTree = "<group>"; };
/* End PBXFileReference section */

/* Begin PBXFrameworksBuildPhase section */
		ADB0DFF622AFA6090030352D /* Frameworks */ = {
			isa = PBXFrameworksBuildPhase;
			buildActionMask = 2147483647;
			files = (
				39A0405680E7A98348528461 /* Pods_Dicee_iOS13.framework in Frameworks */,
			);
			runOnlyForDeploymentPostprocessing = 0;
		};
/* End PBXFrameworksBuildPhase section */

/* Begin PBXGroup section */
		ADB0DFF022AFA6090030352D = {
			isa = PBXGroup;
			children = (
				ADAD913B22B0FDAE007B460A /* README.md */,
				ADB0DFFB22AFA6090030352D /* Dicee-iOS13 */,
				ADB0DFFA22AFA6090030352D /* Products */,
				DE4E78AB740643BC86C39962 /* Pods */,
				D944ADB46290DFB822BDEDA9 /* Frameworks */,
			);
			sourceTree = "<group>";
		};
		ADB0DFFA22AFA6090030352D /* Products */ = {
			isa = PBXGroup;
			children = (
				ADB0DFF922AFA6090030352D /* Dicee-iOS13.app */,
			);
			name = Products;
			sourceTree = "<group>";
		};
		ADB0DFFB22AFA6090030352D /* Dicee-iOS13 */ = {
			isa = PBXGroup;
			children = (
				ADB0DFFC22AFA6090030352D /* AppDelegate.swift */,
				ADE1FB1322B39F0200DD2BD6 /* SceneDelegate.swift */,
				ADB0E00022AFA6090030352D /* ViewController.swift */,
				DB1A61982AA4C32E00181B7A /* Main.storyboard */,
				ADB0E00522AFA60E0030352D /* Assets.xcassets */,
				ADB0E00722AFA60E0030352D /* LaunchScreen.storyboard */,
				ADB0E00A22AFA60E0030352D /* Info.plist */,
				DBEB012F2AA8FCB70076CF98 /* PopUpWindow.swift */,
				DBB1CD522AC204270036DD2A /* pepe.gif */,
			);
			path = "Dicee-iOS13";
			sourceTree = "<group>";
		};
		D944ADB46290DFB822BDEDA9 /* Frameworks */ = {
			isa = PBXGroup;
			children = (
				2353110501E65966187933EE /* Pods_Dicee_iOS13.framework */,
			);
			name = Frameworks;
			sourceTree = "<group>";
		};
		DE4E78AB740643BC86C39962 /* Pods */ = {
			isa = PBXGroup;
			children = (
				F6885261F353106257F009B7 /* Pods-Dicee-iOS13.debug.xcconfig */,
				AAF0A4869C51830CE4F3835B /* Pods-Dicee-iOS13.release.xcconfig */,
			);
			path = Pods;
			sourceTree = "<group>";
		};
/* End PBXGroup section */

/* Begin PBXNativeTarget section */
		ADB0DFF822AFA6090030352D /* Dicee-iOS13 */ = {
			isa = PBXNativeTarget;
			buildConfigurationList = ADB0E00D22AFA60E0030352D /* Build configuration list for PBXNativeTarget "Dicee-iOS13" */;
			buildPhases = (
				74C30CCC0FD227397098FC02 /* [CP] Check Pods Manifest.lock */,
				ADB0DFF522AFA6090030352D /* Sources */,
				ADB0DFF622AFA6090030352D /* Frameworks */,
				ADB0DFF722AFA6090030352D /* Resources */,
				AEDB061998D49A30BED35F27 /* [CP] Embed Pods Frameworks */,
			);
			buildRules = (
			);
			dependencies = (
			);
			name = "Dicee-iOS13";
			productName = "Dicee-iOS13";
			productReference = ADB0DFF922AFA6090030352D /* Dicee-iOS13.app */;
			productType = "com.apple.product-type.application";
		};
/* End PBXNativeTarget section */

/* Begin PBXProject section */
		ADB0DFF122AFA6090030352D /* Project object */ = {
			isa = PBXProject;
			attributes = {
				LastSwiftUpdateCheck = 1100;
				LastUpgradeCheck = 1100;
				ORGANIZATIONNAME = "London App Brewery";
				TargetAttributes = {
					ADB0DFF822AFA6090030352D = {
						CreatedOnToolsVersion = 11.0;
					};
				};
			};
			buildConfigurationList = ADB0DFF422AFA6090030352D /* Build configuration list for PBXProject "Dicee-iOS13" */;
			compatibilityVersion = "Xcode 9.3";
			developmentRegion = en;
			hasScannedForEncodings = 0;
			knownRegions = (
				en,
				Base,
			);
			mainGroup = ADB0DFF022AFA6090030352D;
			productRefGroup = ADB0DFFA22AFA6090030352D /* Products */;
			projectDirPath = "";
			projectRoot = "";
			targets = (
				ADB0DFF822AFA6090030352D /* Dicee-iOS13 */,
			);
		};
/* End PBXProject section */

/* Begin PBXResourcesBuildPhase section */
		ADB0DFF722AFA6090030352D /* Resources */ = {
			isa = PBXResourcesBuildPhase;
			buildActionMask = 2147483647;
			files = (
				ADB0E00922AFA60E0030352D /* LaunchScreen.storyboard in Resources */,
				ADB0E00622AFA60E0030352D /* Assets.xcassets in Resources */,
				DBB1CD532AC204270036DD2A /* pepe.gif in Resources */,
				ADAD913C22B0FDAE007B460A /* README.md in Resources */,
				DB1A619A2AA4C32E00181B7A /* Main.storyboard in Resources */,
			);
			runOnlyForDeploymentPostprocessing = 0;
		};
/* End PBXResourcesBuildPhase section */

/* Begin PBXShellScriptBuildPhase section */
		74C30CCC0FD227397098FC02 /* [CP] Check Pods Manifest.lock */ = {
			isa = PBXShellScriptBuildPhase;
			buildActionMask = 2147483647;
			files = (
			);
			inputFileListPaths = (
			);
			inputPaths = (
				"${PODS_PODFILE_DIR_PATH}/Podfile.lock",
				"${PODS_ROOT}/Manifest.lock",
			);
			name = "[CP] Check Pods Manifest.lock";
			outputFileListPaths = (
			);
			outputPaths = (
				"$(DERIVED_FILE_DIR)/Pods-Dicee-iOS13-checkManifestLockResult.txt",
			);
			runOnlyForDeploymentPostprocessing = 0;
			shellPath = /bin/sh;
			shellScript = "diff \"${PODS_PODFILE_DIR_PATH}/Podfile.lock\" \"${PODS_ROOT}/Manifest.lock\" > /dev/null\nif [ $? != 0 ] ; then\n    # print error to STDERR\n    echo \"error: The sandbox is not in sync with the Podfile.lock. Run 'pod install' or update your CocoaPods installation.\" >&2\n    exit 1\nfi\n# This output is used by Xcode 'outputs' to avoid re-running this script phase.\necho \"SUCCESS\" > \"${SCRIPT_OUTPUT_FILE_0}\"\n";
			showEnvVarsInLog = 0;
		};
		AEDB061998D49A30BED35F27 /* [CP] Embed Pods Frameworks */ = {
			isa = PBXShellScriptBuildPhase;
			buildActionMask = 2147483647;
			files = (
			);
			inputFileListPaths = (
				"${PODS_ROOT}/Target Support Files/Pods-Dicee-iOS13/Pods-Dicee-iOS13-frameworks-${CONFIGURATION}-input-files.xcfilelist",
			);
			name = "[CP] Embed Pods Frameworks";
			outputFileListPaths = (
				"${PODS_ROOT}/Target Support Files/Pods-Dicee-iOS13/Pods-Dicee-iOS13-frameworks-${CONFIGURATION}-output-files.xcfilelist",
			);
			runOnlyForDeploymentPostprocessing = 0;
			shellPath = /bin/sh;
			shellScript = "\"${PODS_ROOT}/Target Support Files/Pods-Dicee-iOS13/Pods-Dicee-iOS13-frameworks.sh\"\n";
			showEnvVarsInLog = 0;
		};
/* End PBXShellScriptBuildPhase section */

/* Begin PBXSourcesBuildPhase section */
		ADB0DFF522AFA6090030352D /* Sources */ = {
			isa = PBXSourcesBuildPhase;
			buildActionMask = 2147483647;
			files = (
				ADB0E00122AFA6090030352D /* ViewController.swift in Sources */,
				DBEB01302AA8FCB70076CF98 /* PopUpWindow.swift in Sources */,
				ADB0DFFD22AFA6090030352D /* AppDelegate.swift in Sources */,
				ADE1FB1422B39F0200DD2BD6 /* SceneDelegate.swift in Sources */,
			);
			runOnlyForDeploymentPostprocessing = 0;
		};
/* End PBXSourcesBuildPhase section */

/* Begin PBXVariantGroup section */
		ADB0E00722AFA60E0030352D /* LaunchScreen.storyboard */ = {
			isa = PBXVariantGroup;
			children = (
				ADB0E00822AFA60E0030352D /* Base */,
			);
			name = LaunchScreen.storyboard;
			sourceTree = "<group>";
		};
		DB1A61982AA4C32E00181B7A /* Main.storyboard */ = {
			isa = PBXVariantGroup;
			children = (
				DB1A61992AA4C32E00181B7A /* Base */,
			);
			name = Main.storyboard;
			sourceTree = "<group>";
		};
/* End PBXVariantGroup section */

/* Begin XCBuildConfiguration section */
		ADB0E00B22AFA60E0030352D /* Debug */ = {
			isa = XCBuildConfiguration;
			buildSettings = {
				ALWAYS_SEARCH_USER_PATHS = NO;
				CLANG_ANALYZER_NONNULL = YES;
				CLANG_ANALYZER_NUMBER_OBJECT_CONVERSION = YES_AGGRESSIVE;
				CLANG_CXX_LANGUAGE_STANDARD = "gnu++14";
				CLANG_CXX_LIBRARY = "libc++";
				CLANG_ENABLE_MODULES = YES;
				CLANG_ENABLE_OBJC_ARC = YES;
				CLANG_ENABLE_OBJC_WEAK = YES;
				CLANG_WARN_BLOCK_CAPTURE_AUTORELEASING = YES;
				CLANG_WARN_BOOL_CONVERSION = YES;
				CLANG_WARN_COMMA = YES;
				CLANG_WARN_CONSTANT_CONVERSION = YES;
				CLANG_WARN_DEPRECATED_OBJC_IMPLEMENTATIONS = YES;
				CLANG_WARN_DIRECT_OBJC_ISA_USAGE = YES_ERROR;
				CLANG_WARN_DOCUMENTATION_COMMENTS = YES;
				CLANG_WARN_EMPTY_BODY = YES;
				CLANG_WARN_ENUM_CONVERSION = YES;
				CLANG_WARN_INFINITE_RECURSION = YES;
				CLANG_WARN_INT_CONVERSION = YES;
				CLANG_WARN_NON_LITERAL_NULL_CONVERSION = YES;
				CLANG_WARN_OBJC_IMPLICIT_RETAIN_SELF = YES;
				CLANG_WARN_OBJC_LITERAL_CONVERSION = YES;
				CLANG_WARN_OBJC_ROOT_CLASS = YES_ERROR;
				CLANG_WARN_RANGE_LOOP_ANALYSIS = YES;
				CLANG_WARN_STRICT_PROTOTYPES = YES;
				CLANG_WARN_SUSPICIOUS_MOVE = YES;
				CLANG_WARN_UNGUARDED_AVAILABILITY = YES_AGGRESSIVE;
				CLANG_WARN_UNREACHABLE_CODE = YES;
				CLANG_WARN__DUPLICATE_METHOD_MATCH = YES;
				COPY_PHASE_STRIP = NO;
				DEBUG_INFORMATION_FORMAT = dwarf;
				ENABLE_STRICT_OBJC_MSGSEND = YES;
				ENABLE_TESTABILITY = YES;
				GCC_C_LANGUAGE_STANDARD = gnu11;
				GCC_DYNAMIC_NO_PIC = NO;
				GCC_NO_COMMON_BLOCKS = YES;
				GCC_OPTIMIZATION_LEVEL = 0;
				GCC_PREPROCESSOR_DEFINITIONS = (
					"DEBUG=1",
					"$(inherited)",
				);
				GCC_WARN_64_TO_32_BIT_CONVERSION = YES;
				GCC_WARN_ABOUT_RETURN_TYPE = YES_ERROR;
				GCC_WARN_UNDECLARED_SELECTOR = YES;
				GCC_WARN_UNINITIALIZED_AUTOS = YES_AGGRESSIVE;
				GCC_WARN_UNUSED_FUNCTION = YES;
				GCC_WARN_UNUSED_VARIABLE = YES;
				IPHONEOS_DEPLOYMENT_TARGET = 13.0;
				MTL_ENABLE_DEBUG_INFO = INCLUDE_SOURCE;
				MTL_FAST_MATH = YES;
				ONLY_ACTIVE_ARCH = YES;
				SDKROOT = iphoneos;
				SWIFT_ACTIVE_COMPILATION_CONDITIONS = DEBUG;
				SWIFT_OPTIMIZATION_LEVEL = "-Onone";
			};
			name = Debug;
		};
		ADB0E00C22AFA60E0030352D /* Release */ = {
			isa = XCBuildConfiguration;
			buildSettings = {
				ALWAYS_SEARCH_USER_PATHS = NO;
				CLANG_ANALYZER_NONNULL = YES;
				CLANG_ANALYZER_NUMBER_OBJECT_CONVERSION = YES_AGGRESSIVE;
				CLANG_CXX_LANGUAGE_STANDARD = "gnu++14";
				CLANG_CXX_LIBRARY = "libc++";
				CLANG_ENABLE_MODULES = YES;
				CLANG_ENABLE_OBJC_ARC = YES;
				CLANG_ENABLE_OBJC_WEAK = YES;
				CLANG_WARN_BLOCK_CAPTURE_AUTORELEASING = YES;
				CLANG_WARN_BOOL_CONVERSION = YES;
				CLANG_WARN_COMMA = YES;
				CLANG_WARN_CONSTANT_CONVERSION = YES;
				CLANG_WARN_DEPRECATED_OBJC_IMPLEMENTATIONS = YES;
				CLANG_WARN_DIRECT_OBJC_ISA_USAGE = YES_ERROR;
				CLANG_WARN_DOCUMENTATION_COMMENTS = YES;
				CLANG_WARN_EMPTY_BODY = YES;
				CLANG_WARN_ENUM_CONVERSION = YES;
				CLANG_WARN_INFINITE_RECURSION = YES;
				CLANG_WARN_INT_CONVERSION = YES;
				CLANG_WARN_NON_LITERAL_NULL_CONVERSION = YES;
				CLANG_WARN_OBJC_IMPLICIT_RETAIN_SELF = YES;
				CLANG_WARN_OBJC_LITERAL_CONVERSION = YES;
				CLANG_WARN_OBJC_ROOT_CLASS = YES_ERROR;
				CLANG_WARN_RANGE_LOOP_ANALYSIS = YES;
				CLANG_WARN_STRICT_PROTOTYPES = YES;
				CLANG_WARN_SUSPICIOUS_MOVE = YES;
				CLANG_WARN_UNGUARDED_AVAILABILITY = YES_AGGRESSIVE;
				CLANG_WARN_UNREACHABLE_CODE = YES;
				CLANG_WARN__DUPLICATE_METHOD_MATCH = YES;
				COPY_PHASE_STRIP = NO;
				DEBUG_INFORMATION_FORMAT = "dwarf-with-dsym";
				ENABLE_NS_ASSERTIONS = NO;
				ENABLE_STRICT_OBJC_MSGSEND = YES;
				GCC_C_LANGUAGE_STANDARD = gnu11;
				GCC_NO_COMMON_BLOCKS = YES;
				GCC_WARN_64_TO_32_BIT_CONVERSION = YES;
				GCC_WARN_ABOUT_RETURN_TYPE = YES_ERROR;
				GCC_WARN_UNDECLARED_SELECTOR = YES;
				GCC_WARN_UNINITIALIZED_AUTOS = YES_AGGRESSIVE;
				GCC_WARN_UNUSED_FUNCTION = YES;
				GCC_WARN_UNUSED_VARIABLE = YES;
				IPHONEOS_DEPLOYMENT_TARGET = 13.0;
				MTL_ENABLE_DEBUG_INFO = NO;
				MTL_FAST_MATH = YES;
				SDKROOT = iphoneos;
				SWIFT_COMPILATION_MODE = wholemodule;
				SWIFT_OPTIMIZATION_LEVEL = "-O";
				VALIDATE_PRODUCT = YES;
			};
			name = Release;
		};
		ADB0E00E22AFA60E0030352D /* Debug */ = {
			isa = XCBuildConfiguration;
			baseConfigurationReference = F6885261F353106257F009B7 /* Pods-Dicee-iOS13.debug.xcconfig */;
			buildSettings = {
				ASSETCATALOG_COMPILER_APPICON_NAME = AppIcon;
				CODE_SIGN_STYLE = Automatic;
				INFOPLIST_FILE = "Dicee-iOS13/Info.plist";
				LD_RUNPATH_SEARCH_PATHS = (
					"$(inherited)",
					"@executable_path/Frameworks",
				);
				PRODUCT_BUNDLE_IDENTIFIER = "com.londonappbrewery.Dicee-iOS13";
				PRODUCT_NAME = "$(TARGET_NAME)";
				SWIFT_VERSION = 5.0;
				TARGETED_DEVICE_FAMILY = 1;
			};
			name = Debug;
		};
		ADB0E00F22AFA60E0030352D /* Release */ = {
			isa = XCBuildConfiguration;
			baseConfigurationReference = AAF0A4869C51830CE4F3835B /* Pods-Dicee-iOS13.release.xcconfig */;
			buildSettings = {
				ASSETCATALOG_COMPILER_APPICON_NAME = AppIcon;
				CODE_SIGN_STYLE = Automatic;
				INFOPLIST_FILE = "Dicee-iOS13/Info.plist";
				LD_RUNPATH_SEARCH_PATHS = (
					"$(inherited)",
					"@executable_path/Frameworks",
				);
				PRODUCT_BUNDLE_IDENTIFIER = "com.londonappbrewery.Dicee-iOS13";
				PRODUCT_NAME = "$(TARGET_NAME)";
				SWIFT_VERSION = 5.0;
				TARGETED_DEVICE_FAMILY = 1;
			};
			name = Release;
		};
/* End XCBuildConfiguration section */

/* Begin XCConfigurationList section */
		ADB0DFF422AFA6090030352D /* Build configuration list for PBXProject "Dicee-iOS13" */ = {
			isa = XCConfigurationList;
			buildConfigurations = (
				ADB0E00B22AFA60E0030352D /* Debug */,
				ADB0E00C22AFA60E0030352D /* Release */,
			);
			defaultConfigurationIsVisible = 0;
			defaultConfigurationName = Release;
		};
		ADB0E00D22AFA60E0030352D /* Build configuration list for PBXNativeTarget "Dicee-iOS13" */ = {
			isa = XCConfigurationList;
			buildConfigurations = (
				ADB0E00E22AFA60E0030352D /* Debug */,
				ADB0E00F22AFA60E0030352D /* Release */,
			);
			defaultConfigurationIsVisible = 0;
			defaultConfigurationName = Release;
		};
/* End XCConfigurationList section */
	};
	rootObject = ADB0DFF122AFA6090030352D /* Project object */;
}
